// !$*UTF8*$!
{
	archiveVersion = 1;
	classes = {
	};
	objectVersion = 46;
	objects = {

/* Begin PBXBuildFile section */
		931D38B31EB087E900E7C0DE /* BaseViewController.m in Sources */ = {isa = PBXBuildFile; fileRef = 931D38B21EB087E900E7C0DE /* BaseViewController.m */; };
		93368B251E9CDE6800088F22 /* AppDelegate+CollectCrash.m in Sources */ = {isa = PBXBuildFile; fileRef = 93368B221E9CDE6800088F22 /* AppDelegate+CollectCrash.m */; };
		93368B261E9CDE6800088F22 /* UIViewController+CollectEvent.m in Sources */ = {isa = PBXBuildFile; fileRef = 93368B241E9CDE6800088F22 /* UIViewController+CollectEvent.m */; };
		93368B321E9CE65800088F22 /* UIControl+CollectEvent.m in Sources */ = {isa = PBXBuildFile; fileRef = 93368B311E9CE65800088F22 /* UIControl+CollectEvent.m */; };
		936F36791EAA0B64004DFB9A /* LockViewController.m in Sources */ = {isa = PBXBuildFile; fileRef = 936F36781EAA0B64004DFB9A /* LockViewController.m */; };
		936F36821EAA0D4E004DFB9A /* CartViewController.m in Sources */ = {isa = PBXBuildFile; fileRef = 936F367D1EAA0D4E004DFB9A /* CartViewController.m */; };
		936F36831EAA0D4E004DFB9A /* DetailViewController.m in Sources */ = {isa = PBXBuildFile; fileRef = 936F367F1EAA0D4E004DFB9A /* DetailViewController.m */; };
		936F36841EAA0D4E004DFB9A /* ListViewController.m in Sources */ = {isa = PBXBuildFile; fileRef = 936F36811EAA0D4E004DFB9A /* ListViewController.m */; };
		936F36891EAA0E5C004DFB9A /* ScrollViewController.m in Sources */ = {isa = PBXBuildFile; fileRef = 936F36871EAA0E5C004DFB9A /* ScrollViewController.m */; };
		936F368A1EAA0E5C004DFB9A /* ScrollViewController.xib in Resources */ = {isa = PBXBuildFile; fileRef = 936F36881EAA0E5C004DFB9A /* ScrollViewController.xib */; };
		936F368F1EAA0F27004DFB9A /* TableViewController.m in Sources */ = {isa = PBXBuildFile; fileRef = 936F368D1EAA0F27004DFB9A /* TableViewController.m */; };
		936F36901EAA0F27004DFB9A /* TableViewController.xib in Resources */ = {isa = PBXBuildFile; fileRef = 936F368E1EAA0F27004DFB9A /* TableViewController.xib */; };
		936F36951EAA1029004DFB9A /* ActionViewController.m in Sources */ = {isa = PBXBuildFile; fileRef = 936F36931EAA1029004DFB9A /* ActionViewController.m */; };
		936F36961EAA1029004DFB9A /* ActionViewController.xib in Resources */ = {isa = PBXBuildFile; fileRef = 936F36941EAA1029004DFB9A /* ActionViewController.xib */; };
		93720F1F1E9E15D900BF2CEE /* UIScrollView+CollectEvent.m in Sources */ = {isa = PBXBuildFile; fileRef = 93720F1E1E9E15D900BF2CEE /* UIScrollView+CollectEvent.m */; };
		93722F221EA85A4C00C54CF5 /* NSObject+RuntimeMethodHelper.m in Sources */ = {isa = PBXBuildFile; fileRef = 93722F211EA85A4C00C54CF5 /* NSObject+RuntimeMethodHelper.m */; };
		93722F261EA8653D00C54CF5 /* UITableView+CollectEvent.m in Sources */ = {isa = PBXBuildFile; fileRef = 93722F251EA8653D00C54CF5 /* UITableView+CollectEvent.m */; };
		937ABCAF1EA5A8A300502295 /* FDLockMonitor.m in Sources */ = {isa = PBXBuildFile; fileRef = 937ABCAE1EA5A8A300502295 /* FDLockMonitor.m */; };
		937ABCB31EA5A98400502295 /* BSBacktraceLogger.m in Sources */ = {isa = PBXBuildFile; fileRef = 937ABCB21EA5A98400502295 /* BSBacktraceLogger.m */; };
		937B70F41EAF37D800CB6313 /* AvoidCrashViewController.m in Sources */ = {isa = PBXBuildFile; fileRef = 937B70F21EAF37D800CB6313 /* AvoidCrashViewController.m */; };
		937B70F51EAF37D800CB6313 /* AvoidCrashViewController.xib in Resources */ = {isa = PBXBuildFile; fileRef = 937B70F31EAF37D800CB6313 /* AvoidCrashViewController.xib */; };
		937B70F81EAF3A0100CB6313 /* NSArray+avoidCrash.m in Sources */ = {isa = PBXBuildFile; fileRef = 937B70F71EAF3A0100CB6313 /* NSArray+avoidCrash.m */; };
		937B70FB1EAF49D200CB6313 /* AvoidCrash.m in Sources */ = {isa = PBXBuildFile; fileRef = 937B70FA1EAF49D200CB6313 /* AvoidCrash.m */; };
		938D033B1E9B2A1F00A1E0AF /* main.m in Sources */ = {isa = PBXBuildFile; fileRef = 938D033A1E9B2A1F00A1E0AF /* main.m */; };
		938D033E1E9B2A1F00A1E0AF /* AppDelegate.m in Sources */ = {isa = PBXBuildFile; fileRef = 938D033D1E9B2A1F00A1E0AF /* AppDelegate.m */; };
		938D03411E9B2A1F00A1E0AF /* ViewController.m in Sources */ = {isa = PBXBuildFile; fileRef = 938D03401E9B2A1F00A1E0AF /* ViewController.m */; };
		938D03441E9B2A1F00A1E0AF /* Main.storyboard in Resources */ = {isa = PBXBuildFile; fileRef = 938D03421E9B2A1F00A1E0AF /* Main.storyboard */; };
		938D03461E9B2A1F00A1E0AF /* Assets.xcassets in Resources */ = {isa = PBXBuildFile; fileRef = 938D03451E9B2A1F00A1E0AF /* Assets.xcassets */; };
		938D03491E9B2A1F00A1E0AF /* LaunchScreen.storyboard in Resources */ = {isa = PBXBuildFile; fileRef = 938D03471E9B2A1F00A1E0AF /* LaunchScreen.storyboard */; };
		938D03541E9B2A1F00A1E0AF /* CrashDemoTests.m in Sources */ = {isa = PBXBuildFile; fileRef = 938D03531E9B2A1F00A1E0AF /* CrashDemoTests.m */; };
		938D035F1E9B2A1F00A1E0AF /* CrashDemoUITests.m in Sources */ = {isa = PBXBuildFile; fileRef = 938D035E1E9B2A1F00A1E0AF /* CrashDemoUITests.m */; };
		939BF6481EB8593E004F84DD /* NSObject+AvoidCrash.m in Sources */ = {isa = PBXBuildFile; fileRef = 939BF6471EB8593E004F84DD /* NSObject+AvoidCrash.m */; };
/* End PBXBuildFile section */

/* Begin PBXContainerItemProxy section */
		938D03501E9B2A1F00A1E0AF /* PBXContainerItemProxy */ = {
			isa = PBXContainerItemProxy;
			containerPortal = 938D032E1E9B2A1F00A1E0AF /* Project object */;
			proxyType = 1;
			remoteGlobalIDString = 938D03351E9B2A1F00A1E0AF;
			remoteInfo = CrashDemo;
		};
		938D035B1E9B2A1F00A1E0AF /* PBXContainerItemProxy */ = {
			isa = PBXContainerItemProxy;
			containerPortal = 938D032E1E9B2A1F00A1E0AF /* Project object */;
			proxyType = 1;
			remoteGlobalIDString = 938D03351E9B2A1F00A1E0AF;
			remoteInfo = CrashDemo;
		};
/* End PBXContainerItemProxy section */

/* Begin PBXFileReference section */
		931D38B11EB087E900E7C0DE /* BaseViewController.h */ = {isa = PBXFileReference; fileEncoding = 4; lastKnownFileType = sourcecode.c.h; path = BaseViewController.h; sourceTree = "<group>"; };
		931D38B21EB087E900E7C0DE /* BaseViewController.m */ = {isa = PBXFileReference; fileEncoding = 4; lastKnownFileType = sourcecode.c.objc; path = BaseViewController.m; sourceTree = "<group>"; };
		93368B211E9CDE6800088F22 /* AppDelegate+CollectCrash.h */ = {isa = PBXFileReference; fileEncoding = 4; lastKnownFileType = sourcecode.c.h; path = "AppDelegate+CollectCrash.h"; sourceTree = "<group>"; };
		93368B221E9CDE6800088F22 /* AppDelegate+CollectCrash.m */ = {isa = PBXFileReference; fileEncoding = 4; lastKnownFileType = sourcecode.c.objc; path = "AppDelegate+CollectCrash.m"; sourceTree = "<group>"; };
		93368B231E9CDE6800088F22 /* UIViewController+CollectEvent.h */ = {isa = PBXFileReference; fileEncoding = 4; lastKnownFileType = sourcecode.c.h; path = "UIViewController+CollectEvent.h"; sourceTree = "<group>"; };
		93368B241E9CDE6800088F22 /* UIViewController+CollectEvent.m */ = {isa = PBXFileReference; fileEncoding = 4; lastKnownFileType = sourcecode.c.objc; path = "UIViewController+CollectEvent.m"; sourceTree = "<group>"; };
		93368B301E9CE65800088F22 /* UIControl+CollectEvent.h */ = {isa = PBXFileReference; fileEncoding = 4; lastKnownFileType = sourcecode.c.h; path = "UIControl+CollectEvent.h"; sourceTree = "<group>"; };
		93368B311E9CE65800088F22 /* UIControl+CollectEvent.m */ = {isa = PBXFileReference; fileEncoding = 4; lastKnownFileType = sourcecode.c.objc; path = "UIControl+CollectEvent.m"; sourceTree = "<group>"; };
		93368B331E9CE7CD00088F22 /* PrefixHeader.pch */ = {isa = PBXFileReference; lastKnownFileType = sourcecode.c.h; path = PrefixHeader.pch; sourceTree = "<group>"; };
		936F36771EAA0B64004DFB9A /* LockViewController.h */ = {isa = PBXFileReference; fileEncoding = 4; lastKnownFileType = sourcecode.c.h; path = LockViewController.h; sourceTree = "<group>"; };
		936F36781EAA0B64004DFB9A /* LockViewController.m */ = {isa = PBXFileReference; fileEncoding = 4; lastKnownFileType = sourcecode.c.objc; path = LockViewController.m; sourceTree = "<group>"; };
		936F367C1EAA0D4E004DFB9A /* CartViewController.h */ = {isa = PBXFileReference; fileEncoding = 4; lastKnownFileType = sourcecode.c.h; path = CartViewController.h; sourceTree = "<group>"; };
		936F367D1EAA0D4E004DFB9A /* CartViewController.m */ = {isa = PBXFileReference; fileEncoding = 4; lastKnownFileType = sourcecode.c.objc; path = CartViewController.m; sourceTree = "<group>"; };
		936F367E1EAA0D4E004DFB9A /* DetailViewController.h */ = {isa = PBXFileReference; fileEncoding = 4; lastKnownFileType = sourcecode.c.h; path = DetailViewController.h; sourceTree = "<group>"; };
		936F367F1EAA0D4E004DFB9A /* DetailViewController.m */ = {isa = PBXFileReference; fileEncoding = 4; lastKnownFileType = sourcecode.c.objc; path = DetailViewController.m; sourceTree = "<group>"; };
		936F36801EAA0D4E004DFB9A /* ListViewController.h */ = {isa = PBXFileReference; fileEncoding = 4; lastKnownFileType = sourcecode.c.h; path = ListViewController.h; sourceTree = "<group>"; };
		936F36811EAA0D4E004DFB9A /* ListViewController.m */ = {isa = PBXFileReference; fileEncoding = 4; lastKnownFileType = sourcecode.c.objc; path = ListViewController.m; sourceTree = "<group>"; };
		936F36861EAA0E5C004DFB9A /* ScrollViewController.h */ = {isa = PBXFileReference; fileEncoding = 4; lastKnownFileType = sourcecode.c.h; path = ScrollViewController.h; sourceTree = "<group>"; };
		936F36871EAA0E5C004DFB9A /* ScrollViewController.m */ = {isa = PBXFileReference; fileEncoding = 4; lastKnownFileType = sourcecode.c.objc; path = ScrollViewController.m; sourceTree = "<group>"; };
		936F36881EAA0E5C004DFB9A /* ScrollViewController.xib */ = {isa = PBXFileReference; fileEncoding = 4; lastKnownFileType = file.xib; path = ScrollViewController.xib; sourceTree = "<group>"; };
		936F368C1EAA0F27004DFB9A /* TableViewController.h */ = {isa = PBXFileReference; fileEncoding = 4; lastKnownFileType = sourcecode.c.h; path = TableViewController.h; sourceTree = "<group>"; };
		936F368D1EAA0F27004DFB9A /* TableViewController.m */ = {isa = PBXFileReference; fileEncoding = 4; lastKnownFileType = sourcecode.c.objc; path = TableViewController.m; sourceTree = "<group>"; };
		936F368E1EAA0F27004DFB9A /* TableViewController.xib */ = {isa = PBXFileReference; fileEncoding = 4; lastKnownFileType = file.xib; path = TableViewController.xib; sourceTree = "<group>"; };
		936F36921EAA1029004DFB9A /* ActionViewController.h */ = {isa = PBXFileReference; fileEncoding = 4; lastKnownFileType = sourcecode.c.h; path = ActionViewController.h; sourceTree = "<group>"; };
		936F36931EAA1029004DFB9A /* ActionViewController.m */ = {isa = PBXFileReference; fileEncoding = 4; lastKnownFileType = sourcecode.c.objc; path = ActionViewController.m; sourceTree = "<group>"; };
		936F36941EAA1029004DFB9A /* ActionViewController.xib */ = {isa = PBXFileReference; fileEncoding = 4; lastKnownFileType = file.xib; path = ActionViewController.xib; sourceTree = "<group>"; };
		93720F1D1E9E15D900BF2CEE /* UIScrollView+CollectEvent.h */ = {isa = PBXFileReference; fileEncoding = 4; lastKnownFileType = sourcecode.c.h; path = "UIScrollView+CollectEvent.h"; sourceTree = "<group>"; };
		93720F1E1E9E15D900BF2CEE /* UIScrollView+CollectEvent.m */ = {isa = PBXFileReference; fileEncoding = 4; lastKnownFileType = sourcecode.c.objc; path = "UIScrollView+CollectEvent.m"; sourceTree = "<group>"; };
		93722F201EA85A4C00C54CF5 /* NSObject+RuntimeMethodHelper.h */ = {isa = PBXFileReference; fileEncoding = 4; lastKnownFileType = sourcecode.c.h; path = "NSObject+RuntimeMethodHelper.h"; sourceTree = "<group>"; };
		93722F211EA85A4C00C54CF5 /* NSObject+RuntimeMethodHelper.m */ = {isa = PBXFileReference; fileEncoding = 4; lastKnownFileType = sourcecode.c.objc; path = "NSObject+RuntimeMethodHelper.m"; sourceTree = "<group>"; };
		93722F231EA860D300C54CF5 /* RuntimeHelper.h */ = {isa = PBXFileReference; lastKnownFileType = sourcecode.c.h; path = RuntimeHelper.h; sourceTree = "<group>"; };
		93722F241EA8653D00C54CF5 /* UITableView+CollectEvent.h */ = {isa = PBXFileReference; fileEncoding = 4; lastKnownFileType = sourcecode.c.h; path = "UITableView+CollectEvent.h"; sourceTree = "<group>"; };
		93722F251EA8653D00C54CF5 /* UITableView+CollectEvent.m */ = {isa = PBXFileReference; fileEncoding = 4; lastKnownFileType = sourcecode.c.objc; path = "UITableView+CollectEvent.m"; sourceTree = "<group>"; };
		93722F271EA8C5D600C54CF5 /* CrashCollect.h */ = {isa = PBXFileReference; lastKnownFileType = sourcecode.c.h; path = CrashCollect.h; sourceTree = "<group>"; };
		937ABCAD1EA5A8A300502295 /* FDLockMonitor.h */ = {isa = PBXFileReference; fileEncoding = 4; lastKnownFileType = sourcecode.c.h; path = FDLockMonitor.h; sourceTree = "<group>"; };
		937ABCAE1EA5A8A300502295 /* FDLockMonitor.m */ = {isa = PBXFileReference; fileEncoding = 4; lastKnownFileType = sourcecode.c.objc; path = FDLockMonitor.m; sourceTree = "<group>"; };
		937ABCB11EA5A98400502295 /* BSBacktraceLogger.h */ = {isa = PBXFileReference; fileEncoding = 4; lastKnownFileType = sourcecode.c.h; path = BSBacktraceLogger.h; sourceTree = "<group>"; };
		937ABCB21EA5A98400502295 /* BSBacktraceLogger.m */ = {isa = PBXFileReference; fileEncoding = 4; lastKnownFileType = sourcecode.c.objc; path = BSBacktraceLogger.m; sourceTree = "<group>"; };
		937B70F11EAF37D800CB6313 /* AvoidCrashViewController.h */ = {isa = PBXFileReference; fileEncoding = 4; lastKnownFileType = sourcecode.c.h; path = AvoidCrashViewController.h; sourceTree = "<group>"; };
		937B70F21EAF37D800CB6313 /* AvoidCrashViewController.m */ = {isa = PBXFileReference; fileEncoding = 4; lastKnownFileType = sourcecode.c.objc; path = AvoidCrashViewController.m; sourceTree = "<group>"; };
		937B70F31EAF37D800CB6313 /* AvoidCrashViewController.xib */ = {isa = PBXFileReference; fileEncoding = 4; lastKnownFileType = file.xib; path = AvoidCrashViewController.xib; sourceTree = "<group>"; };
		937B70F61EAF3A0100CB6313 /* NSArray+avoidCrash.h */ = {isa = PBXFileReference; fileEncoding = 4; lastKnownFileType = sourcecode.c.h; path = "NSArray+avoidCrash.h"; sourceTree = "<group>"; };
		937B70F71EAF3A0100CB6313 /* NSArray+avoidCrash.m */ = {isa = PBXFileReference; fileEncoding = 4; lastKnownFileType = sourcecode.c.objc; path = "NSArray+avoidCrash.m"; sourceTree = "<group>"; };
		937B70F91EAF49D200CB6313 /* AvoidCrash.h */ = {isa = PBXFileReference; fileEncoding = 4; lastKnownFileType = sourcecode.c.h; path = AvoidCrash.h; sourceTree = "<group>"; };
		937B70FA1EAF49D200CB6313 /* AvoidCrash.m */ = {isa = PBXFileReference; fileEncoding = 4; lastKnownFileType = sourcecode.c.objc; path = AvoidCrash.m; sourceTree = "<group>"; };
		938D03361E9B2A1F00A1E0AF /* CrashDemo.app */ = {isa = PBXFileReference; explicitFileType = wrapper.application; includeInIndex = 0; path = CrashDemo.app; sourceTree = BUILT_PRODUCTS_DIR; };
		938D033A1E9B2A1F00A1E0AF /* main.m */ = {isa = PBXFileReference; lastKnownFileType = sourcecode.c.objc; path = main.m; sourceTree = "<group>"; };
		938D033C1E9B2A1F00A1E0AF /* AppDelegate.h */ = {isa = PBXFileReference; lastKnownFileType = sourcecode.c.h; path = AppDelegate.h; sourceTree = "<group>"; };
		938D033D1E9B2A1F00A1E0AF /* AppDelegate.m */ = {isa = PBXFileReference; lastKnownFileType = sourcecode.c.objc; path = AppDelegate.m; sourceTree = "<group>"; };
		938D033F1E9B2A1F00A1E0AF /* ViewController.h */ = {isa = PBXFileReference; lastKnownFileType = sourcecode.c.h; path = ViewController.h; sourceTree = "<group>"; };
		938D03401E9B2A1F00A1E0AF /* ViewController.m */ = {isa = PBXFileReference; lastKnownFileType = sourcecode.c.objc; path = ViewController.m; sourceTree = "<group>"; };
		938D03431E9B2A1F00A1E0AF /* Base */ = {isa = PBXFileReference; lastKnownFileType = file.storyboard; name = Base; path = Base.lproj/Main.storyboard; sourceTree = "<group>"; };
		938D03451E9B2A1F00A1E0AF /* Assets.xcassets */ = {isa = PBXFileReference; lastKnownFileType = folder.assetcatalog; path = Assets.xcassets; sourceTree = "<group>"; };
		938D03481E9B2A1F00A1E0AF /* Base */ = {isa = PBXFileReference; lastKnownFileType = file.storyboard; name = Base; path = Base.lproj/LaunchScreen.storyboard; sourceTree = "<group>"; };
		938D034A1E9B2A1F00A1E0AF /* Info.plist */ = {isa = PBXFileReference; lastKnownFileType = text.plist.xml; path = Info.plist; sourceTree = "<group>"; };
		938D034F1E9B2A1F00A1E0AF /* CrashDemoTests.xctest */ = {isa = PBXFileReference; explicitFileType = wrapper.cfbundle; includeInIndex = 0; path = CrashDemoTests.xctest; sourceTree = BUILT_PRODUCTS_DIR; };
		938D03531E9B2A1F00A1E0AF /* CrashDemoTests.m */ = {isa = PBXFileReference; lastKnownFileType = sourcecode.c.objc; path = CrashDemoTests.m; sourceTree = "<group>"; };
		938D03551E9B2A1F00A1E0AF /* Info.plist */ = {isa = PBXFileReference; lastKnownFileType = text.plist.xml; path = Info.plist; sourceTree = "<group>"; };
		938D035A1E9B2A1F00A1E0AF /* CrashDemoUITests.xctest */ = {isa = PBXFileReference; explicitFileType = wrapper.cfbundle; includeInIndex = 0; path = CrashDemoUITests.xctest; sourceTree = BUILT_PRODUCTS_DIR; };
		938D035E1E9B2A1F00A1E0AF /* CrashDemoUITests.m */ = {isa = PBXFileReference; lastKnownFileType = sourcecode.c.objc; path = CrashDemoUITests.m; sourceTree = "<group>"; };
		938D03601E9B2A1F00A1E0AF /* Info.plist */ = {isa = PBXFileReference; lastKnownFileType = text.plist.xml; path = Info.plist; sourceTree = "<group>"; };
		939BF6461EB8593E004F84DD /* NSObject+AvoidCrash.h */ = {isa = PBXFileReference; fileEncoding = 4; lastKnownFileType = sourcecode.c.h; path = "NSObject+AvoidCrash.h"; sourceTree = "<group>"; };
		939BF6471EB8593E004F84DD /* NSObject+AvoidCrash.m */ = {isa = PBXFileReference; fileEncoding = 4; lastKnownFileType = sourcecode.c.objc; path = "NSObject+AvoidCrash.m"; sourceTree = "<group>"; };
/* End PBXFileReference section */

/* Begin PBXFrameworksBuildPhase section */
		938D03331E9B2A1F00A1E0AF /* Frameworks */ = {
			isa = PBXFrameworksBuildPhase;
			buildActionMask = 2147483647;
			files = (
			);
			runOnlyForDeploymentPostprocessing = 0;
		};
		938D034C1E9B2A1F00A1E0AF /* Frameworks */ = {
			isa = PBXFrameworksBuildPhase;
			buildActionMask = 2147483647;
			files = (
			);
			runOnlyForDeploymentPostprocessing = 0;
		};
		938D03571E9B2A1F00A1E0AF /* Frameworks */ = {
			isa = PBXFrameworksBuildPhase;
			buildActionMask = 2147483647;
			files = (
			);
			runOnlyForDeploymentPostprocessing = 0;
		};
/* End PBXFrameworksBuildPhase section */

/* Begin PBXGroup section */
		93368B201E9CDE6800088F22 /* Collection */ = {
			isa = PBXGroup;
			children = (
				93722F271EA8C5D600C54CF5 /* CrashCollect.h */,
				93368B211E9CDE6800088F22 /* AppDelegate+CollectCrash.h */,
				93368B221E9CDE6800088F22 /* AppDelegate+CollectCrash.m */,
				93368B231E9CDE6800088F22 /* UIViewController+CollectEvent.h */,
				93368B241E9CDE6800088F22 /* UIViewController+CollectEvent.m */,
				93368B301E9CE65800088F22 /* UIControl+CollectEvent.h */,
				93368B311E9CE65800088F22 /* UIControl+CollectEvent.m */,
				93720F1D1E9E15D900BF2CEE /* UIScrollView+CollectEvent.h */,
				93720F1E1E9E15D900BF2CEE /* UIScrollView+CollectEvent.m */,
				93722F241EA8653D00C54CF5 /* UITableView+CollectEvent.h */,
				93722F251EA8653D00C54CF5 /* UITableView+CollectEvent.m */,
				93722F191EA8573000C54CF5 /* RuntimeHelper */,
			);
			path = Collection;
			sourceTree = "<group>";
		};
		936F36761EAA0B51004DFB9A /* Lock */ = {
			isa = PBXGroup;
			children = (
				936F36771EAA0B64004DFB9A /* LockViewController.h */,
				936F36781EAA0B64004DFB9A /* LockViewController.m */,
			);
			path = Lock;
			sourceTree = "<group>";
		};
		936F367B1EAA0D4E004DFB9A /* PagePath */ = {
			isa = PBXGroup;
			children = (
				936F36801EAA0D4E004DFB9A /* ListViewController.h */,
				936F36811EAA0D4E004DFB9A /* ListViewController.m */,
				936F367E1EAA0D4E004DFB9A /* DetailViewController.h */,
				936F367F1EAA0D4E004DFB9A /* DetailViewController.m */,
				936F367C1EAA0D4E004DFB9A /* CartViewController.h */,
				936F367D1EAA0D4E004DFB9A /* CartViewController.m */,
			);
			path = PagePath;
			sourceTree = "<group>";
		};
		936F36851EAA0E46004DFB9A /* ScrollView */ = {
			isa = PBXGroup;
			children = (
				936F36861EAA0E5C004DFB9A /* ScrollViewController.h */,
				936F36871EAA0E5C004DFB9A /* ScrollViewController.m */,
				936F36881EAA0E5C004DFB9A /* ScrollViewController.xib */,
			);
			path = ScrollView;
			sourceTree = "<group>";
		};
		936F368B1EAA0F19004DFB9A /* TableView */ = {
			isa = PBXGroup;
			children = (
				936F368C1EAA0F27004DFB9A /* TableViewController.h */,
				936F368D1EAA0F27004DFB9A /* TableViewController.m */,
				936F368E1EAA0F27004DFB9A /* TableViewController.xib */,
			);
			path = TableView;
			sourceTree = "<group>";
		};
		936F36911EAA101A004DFB9A /* Action */ = {
			isa = PBXGroup;
			children = (
				936F36921EAA1029004DFB9A /* ActionViewController.h */,
				936F36931EAA1029004DFB9A /* ActionViewController.m */,
				936F36941EAA1029004DFB9A /* ActionViewController.xib */,
			);
			path = Action;
			sourceTree = "<group>";
		};
		93722F191EA8573000C54CF5 /* RuntimeHelper */ = {
			isa = PBXGroup;
			children = (
				93722F231EA860D300C54CF5 /* RuntimeHelper.h */,
				93722F201EA85A4C00C54CF5 /* NSObject+RuntimeMethodHelper.h */,
				93722F211EA85A4C00C54CF5 /* NSObject+RuntimeMethodHelper.m */,
			);
			path = RuntimeHelper;
			sourceTree = "<group>";
		};
		937ABCAC1EA5A88100502295 /* LockMonitor */ = {
			isa = PBXGroup;
			children = (
				937ABCAD1EA5A8A300502295 /* FDLockMonitor.h */,
				937ABCAE1EA5A8A300502295 /* FDLockMonitor.m */,
				937ABCB01EA5A98400502295 /* BSBacktraceLogger */,
			);
			path = LockMonitor;
			sourceTree = "<group>";
		};
		937ABCB01EA5A98400502295 /* BSBacktraceLogger */ = {
			isa = PBXGroup;
			children = (
				937ABCB11EA5A98400502295 /* BSBacktraceLogger.h */,
				937ABCB21EA5A98400502295 /* BSBacktraceLogger.m */,
			);
			path = BSBacktraceLogger;
			sourceTree = "<group>";
		};
		937B70EF1EAF379700CB6313 /* AvoidCrash */ = {
			isa = PBXGroup;
			children = (
				937B70F91EAF49D200CB6313 /* AvoidCrash.h */,
				937B70FA1EAF49D200CB6313 /* AvoidCrash.m */,
				937B70F61EAF3A0100CB6313 /* NSArray+avoidCrash.h */,
				937B70F71EAF3A0100CB6313 /* NSArray+avoidCrash.m */,
				939BF6461EB8593E004F84DD /* NSObject+AvoidCrash.h */,
				939BF6471EB8593E004F84DD /* NSObject+AvoidCrash.m */,
			);
			path = AvoidCrash;
			sourceTree = "<group>";
		};
		937B70F01EAF37C000CB6313 /* AvoidCrashVC */ = {
			isa = PBXGroup;
			children = (
				937B70F11EAF37D800CB6313 /* AvoidCrashViewController.h */,
				937B70F21EAF37D800CB6313 /* AvoidCrashViewController.m */,
				937B70F31EAF37D800CB6313 /* AvoidCrashViewController.xib */,
			);
			path = AvoidCrashVC;
			sourceTree = "<group>";
		};
		938D032D1E9B2A1F00A1E0AF = {
			isa = PBXGroup;
			children = (
				938D03381E9B2A1F00A1E0AF /* CrashDemo */,
				938D03521E9B2A1F00A1E0AF /* CrashDemoTests */,
				938D035D1E9B2A1F00A1E0AF /* CrashDemoUITests */,
				938D03371E9B2A1F00A1E0AF /* Products */,
			);
			sourceTree = "<group>";
		};
		938D03371E9B2A1F00A1E0AF /* Products */ = {
			isa = PBXGroup;
			children = (
				938D03361E9B2A1F00A1E0AF /* CrashDemo.app */,
				938D034F1E9B2A1F00A1E0AF /* CrashDemoTests.xctest */,
				938D035A1E9B2A1F00A1E0AF /* CrashDemoUITests.xctest */,
			);
			name = Products;
			sourceTree = "<group>";
		};
		938D03381E9B2A1F00A1E0AF /* CrashDemo */ = {
			isa = PBXGroup;
			children = (
				937ABCAC1EA5A88100502295 /* LockMonitor */,
				93368B201E9CDE6800088F22 /* Collection */,
				937B70EF1EAF379700CB6313 /* AvoidCrash */,
				938D033C1E9B2A1F00A1E0AF /* AppDelegate.h */,
				938D033D1E9B2A1F00A1E0AF /* AppDelegate.m */,
				931D38B11EB087E900E7C0DE /* BaseViewController.h */,
				931D38B21EB087E900E7C0DE /* BaseViewController.m */,
				938D033F1E9B2A1F00A1E0AF /* ViewController.h */,
				938D03401E9B2A1F00A1E0AF /* ViewController.m */,
				936F36761EAA0B51004DFB9A /* Lock */,
				936F367B1EAA0D4E004DFB9A /* PagePath */,
				936F36851EAA0E46004DFB9A /* ScrollView */,
				936F368B1EAA0F19004DFB9A /* TableView */,
				936F36911EAA101A004DFB9A /* Action */,
				937B70F01EAF37C000CB6313 /* AvoidCrashVC */,
				938D03421E9B2A1F00A1E0AF /* Main.storyboard */,
				938D03451E9B2A1F00A1E0AF /* Assets.xcassets */,
				938D03471E9B2A1F00A1E0AF /* LaunchScreen.storyboard */,
				938D034A1E9B2A1F00A1E0AF /* Info.plist */,
				938D03391E9B2A1F00A1E0AF /* Supporting Files */,
			);
			path = CrashDemo;
			sourceTree = "<group>";
		};
		938D03391E9B2A1F00A1E0AF /* Supporting Files */ = {
			isa = PBXGroup;
			children = (
				938D033A1E9B2A1F00A1E0AF /* main.m */,
				93368B331E9CE7CD00088F22 /* PrefixHeader.pch */,
			);
			name = "Supporting Files";
			sourceTree = "<group>";
		};
		938D03521E9B2A1F00A1E0AF /* CrashDemoTests */ = {
			isa = PBXGroup;
			children = (
				938D03531E9B2A1F00A1E0AF /* CrashDemoTests.m */,
				938D03551E9B2A1F00A1E0AF /* Info.plist */,
			);
			path = CrashDemoTests;
			sourceTree = "<group>";
		};
		938D035D1E9B2A1F00A1E0AF /* CrashDemoUITests */ = {
			isa = PBXGroup;
			children = (
				938D035E1E9B2A1F00A1E0AF /* CrashDemoUITests.m */,
				938D03601E9B2A1F00A1E0AF /* Info.plist */,
			);
			path = CrashDemoUITests;
			sourceTree = "<group>";
		};
/* End PBXGroup section */

/* Begin PBXNativeTarget section */
		938D03351E9B2A1F00A1E0AF /* CrashDemo */ = {
			isa = PBXNativeTarget;
			buildConfigurationList = 938D03631E9B2A1F00A1E0AF /* Build configuration list for PBXNativeTarget "CrashDemo" */;
			buildPhases = (
				938D03321E9B2A1F00A1E0AF /* Sources */,
				938D03331E9B2A1F00A1E0AF /* Frameworks */,
				938D03341E9B2A1F00A1E0AF /* Resources */,
			);
			buildRules = (
			);
			dependencies = (
			);
			name = CrashDemo;
			productName = CrashDemo;
			productReference = 938D03361E9B2A1F00A1E0AF /* CrashDemo.app */;
			productType = "com.apple.product-type.application";
		};
		938D034E1E9B2A1F00A1E0AF /* CrashDemoTests */ = {
			isa = PBXNativeTarget;
			buildConfigurationList = 938D03661E9B2A1F00A1E0AF /* Build configuration list for PBXNativeTarget "CrashDemoTests" */;
			buildPhases = (
				938D034B1E9B2A1F00A1E0AF /* Sources */,
				938D034C1E9B2A1F00A1E0AF /* Frameworks */,
				938D034D1E9B2A1F00A1E0AF /* Resources */,
			);
			buildRules = (
			);
			dependencies = (
				938D03511E9B2A1F00A1E0AF /* PBXTargetDependency */,
			);
			name = CrashDemoTests;
			productName = CrashDemoTests;
			productReference = 938D034F1E9B2A1F00A1E0AF /* CrashDemoTests.xctest */;
			productType = "com.apple.product-type.bundle.unit-test";
		};
		938D03591E9B2A1F00A1E0AF /* CrashDemoUITests */ = {
			isa = PBXNativeTarget;
			buildConfigurationList = 938D03691E9B2A1F00A1E0AF /* Build configuration list for PBXNativeTarget "CrashDemoUITests" */;
			buildPhases = (
				938D03561E9B2A1F00A1E0AF /* Sources */,
				938D03571E9B2A1F00A1E0AF /* Frameworks */,
				938D03581E9B2A1F00A1E0AF /* Resources */,
			);
			buildRules = (
			);
			dependencies = (
				938D035C1E9B2A1F00A1E0AF /* PBXTargetDependency */,
			);
			name = CrashDemoUITests;
			productName = CrashDemoUITests;
			productReference = 938D035A1E9B2A1F00A1E0AF /* CrashDemoUITests.xctest */;
			productType = "com.apple.product-type.bundle.ui-testing";
		};
/* End PBXNativeTarget section */

/* Begin PBXProject section */
		938D032E1E9B2A1F00A1E0AF /* Project object */ = {
			isa = PBXProject;
			attributes = {
				CLASSPREFIX = "";
				LastUpgradeCheck = 0820;
				ORGANIZATIONNAME = xietao3;
				TargetAttributes = {
					938D03351E9B2A1F00A1E0AF = {
						CreatedOnToolsVersion = 8.2.1;
						DevelopmentTeam = CVQ4KC2R64;
						ProvisioningStyle = Automatic;
					};
					938D034E1E9B2A1F00A1E0AF = {
						CreatedOnToolsVersion = 8.2.1;
						ProvisioningStyle = Automatic;
						TestTargetID = 938D03351E9B2A1F00A1E0AF;
					};
					938D03591E9B2A1F00A1E0AF = {
						CreatedOnToolsVersion = 8.2.1;
						ProvisioningStyle = Automatic;
						TestTargetID = 938D03351E9B2A1F00A1E0AF;
					};
				};
			};
			buildConfigurationList = 938D03311E9B2A1F00A1E0AF /* Build configuration list for PBXProject "CrashDemo" */;
			compatibilityVersion = "Xcode 3.2";
			developmentRegion = English;
			hasScannedForEncodings = 0;
			knownRegions = (
				en,
				Base,
			);
			mainGroup = 938D032D1E9B2A1F00A1E0AF;
			productRefGroup = 938D03371E9B2A1F00A1E0AF /* Products */;
			projectDirPath = "";
			projectRoot = "";
			targets = (
				938D03351E9B2A1F00A1E0AF /* CrashDemo */,
				938D034E1E9B2A1F00A1E0AF /* CrashDemoTests */,
				938D03591E9B2A1F00A1E0AF /* CrashDemoUITests */,
			);
		};
/* End PBXProject section */

/* Begin PBXResourcesBuildPhase section */
		938D03341E9B2A1F00A1E0AF /* Resources */ = {
			isa = PBXResourcesBuildPhase;
			buildActionMask = 2147483647;
			files = (
				938D03491E9B2A1F00A1E0AF /* LaunchScreen.storyboard in Resources */,
				938D03461E9B2A1F00A1E0AF /* Assets.xcassets in Resources */,
				936F36961EAA1029004DFB9A /* ActionViewController.xib in Resources */,
				937B70F51EAF37D800CB6313 /* AvoidCrashViewController.xib in Resources */,
				938D03441E9B2A1F00A1E0AF /* Main.storyboard in Resources */,
				936F36901EAA0F27004DFB9A /* TableViewController.xib in Resources */,
				936F368A1EAA0E5C004DFB9A /* ScrollViewController.xib in Resources */,
			);
			runOnlyForDeploymentPostprocessing = 0;
		};
		938D034D1E9B2A1F00A1E0AF /* Resources */ = {
			isa = PBXResourcesBuildPhase;
			buildActionMask = 2147483647;
			files = (
			);
			runOnlyForDeploymentPostprocessing = 0;
		};
		938D03581E9B2A1F00A1E0AF /* Resources */ = {
			isa = PBXResourcesBuildPhase;
			buildActionMask = 2147483647;
			files = (
			);
			runOnlyForDeploymentPostprocessing = 0;
		};
/* End PBXResourcesBuildPhase section */

/* Begin PBXSourcesBuildPhase section */
		938D03321E9B2A1F00A1E0AF /* Sources */ = {
			isa = PBXSourcesBuildPhase;
			buildActionMask = 2147483647;
			files = (
				937ABCAF1EA5A8A300502295 /* FDLockMonitor.m in Sources */,
				938D03411E9B2A1F00A1E0AF /* ViewController.m in Sources */,
				936F368F1EAA0F27004DFB9A /* TableViewController.m in Sources */,
				936F36821EAA0D4E004DFB9A /* CartViewController.m in Sources */,
				937ABCB31EA5A98400502295 /* BSBacktraceLogger.m in Sources */,
				936F36791EAA0B64004DFB9A /* LockViewController.m in Sources */,
				937B70F81EAF3A0100CB6313 /* NSArray+avoidCrash.m in Sources */,
				936F36841EAA0D4E004DFB9A /* ListViewController.m in Sources */,
				93368B321E9CE65800088F22 /* UIControl+CollectEvent.m in Sources */,
				93722F261EA8653D00C54CF5 /* UITableView+CollectEvent.m in Sources */,
				938D033E1E9B2A1F00A1E0AF /* AppDelegate.m in Sources */,
				938D033B1E9B2A1F00A1E0AF /* main.m in Sources */,
				93368B261E9CDE6800088F22 /* UIViewController+CollectEvent.m in Sources */,
				931D38B31EB087E900E7C0DE /* BaseViewController.m in Sources */,
				93720F1F1E9E15D900BF2CEE /* UIScrollView+CollectEvent.m in Sources */,
				93368B251E9CDE6800088F22 /* AppDelegate+CollectCrash.m in Sources */,
				939BF6481EB8593E004F84DD /* NSObject+AvoidCrash.m in Sources */,
				937B70F41EAF37D800CB6313 /* AvoidCrashViewController.m in Sources */,
				93722F221EA85A4C00C54CF5 /* NSObject+RuntimeMethodHelper.m in Sources */,
				936F36831EAA0D4E004DFB9A /* DetailViewController.m in Sources */,
				936F36951EAA1029004DFB9A /* ActionViewController.m in Sources */,
				937B70FB1EAF49D200CB6313 /* AvoidCrash.m in Sources */,
				936F36891EAA0E5C004DFB9A /* ScrollViewController.m in Sources */,
			);
			runOnlyForDeploymentPostprocessing = 0;
		};
		938D034B1E9B2A1F00A1E0AF /* Sources */ = {
			isa = PBXSourcesBuildPhase;
			buildActionMask = 2147483647;
			files = (
				938D03541E9B2A1F00A1E0AF /* CrashDemoTests.m in Sources */,
			);
			runOnlyForDeploymentPostprocessing = 0;
		};
		938D03561E9B2A1F00A1E0AF /* Sources */ = {
			isa = PBXSourcesBuildPhase;
			buildActionMask = 2147483647;
			files = (
				938D035F1E9B2A1F00A1E0AF /* CrashDemoUITests.m in Sources */,
			);
			runOnlyForDeploymentPostprocessing = 0;
		};
/* End PBXSourcesBuildPhase section */

/* Begin PBXTargetDependency section */
		938D03511E9B2A1F00A1E0AF /* PBXTargetDependency */ = {
			isa = PBXTargetDependency;
			target = 938D03351E9B2A1F00A1E0AF /* CrashDemo */;
			targetProxy = 938D03501E9B2A1F00A1E0AF /* PBXContainerItemProxy */;
		};
		938D035C1E9B2A1F00A1E0AF /* PBXTargetDependency */ = {
			isa = PBXTargetDependency;
			target = 938D03351E9B2A1F00A1E0AF /* CrashDemo */;
			targetProxy = 938D035B1E9B2A1F00A1E0AF /* PBXContainerItemProxy */;
		};
/* End PBXTargetDependency section */

/* Begin PBXVariantGroup section */
		938D03421E9B2A1F00A1E0AF /* Main.storyboard */ = {
			isa = PBXVariantGroup;
			children = (
				938D03431E9B2A1F00A1E0AF /* Base */,
			);
			name = Main.storyboard;
			sourceTree = "<group>";
		};
		938D03471E9B2A1F00A1E0AF /* LaunchScreen.storyboard */ = {
			isa = PBXVariantGroup;
			children = (
				938D03481E9B2A1F00A1E0AF /* Base */,
			);
			name = LaunchScreen.storyboard;
			sourceTree = "<group>";
		};
/* End PBXVariantGroup section */

/* Begin XCBuildConfiguration section */
		938D03611E9B2A1F00A1E0AF /* Debug */ = {
			isa = XCBuildConfiguration;
			buildSettings = {
				ALWAYS_SEARCH_USER_PATHS = NO;
				CLANG_ANALYZER_NONNULL = YES;
				CLANG_CXX_LANGUAGE_STANDARD = "gnu++0x";
				CLANG_CXX_LIBRARY = "libc++";
				CLANG_ENABLE_MODULES = YES;
				CLANG_ENABLE_OBJC_ARC = YES;
				CLANG_WARN_BOOL_CONVERSION = YES;
				CLANG_WARN_CONSTANT_CONVERSION = YES;
				CLANG_WARN_DIRECT_OBJC_ISA_USAGE = YES_ERROR;
				CLANG_WARN_DOCUMENTATION_COMMENTS = YES;
				CLANG_WARN_EMPTY_BODY = YES;
				CLANG_WARN_ENUM_CONVERSION = YES;
				CLANG_WARN_INFINITE_RECURSION = YES;
				CLANG_WARN_INT_CONVERSION = YES;
				CLANG_WARN_OBJC_ROOT_CLASS = YES_ERROR;
				CLANG_WARN_SUSPICIOUS_MOVE = YES;
				CLANG_WARN_UNREACHABLE_CODE = YES;
				CLANG_WARN__DUPLICATE_METHOD_MATCH = YES;
				"CODE_SIGN_IDENTITY[sdk=iphoneos*]" = "iPhone Developer";
				COPY_PHASE_STRIP = NO;
				DEBUG_INFORMATION_FORMAT = dwarf;
				ENABLE_STRICT_OBJC_MSGSEND = NO;
				ENABLE_TESTABILITY = YES;
				GCC_C_LANGUAGE_STANDARD = gnu99;
				GCC_DYNAMIC_NO_PIC = NO;
				GCC_NO_COMMON_BLOCKS = YES;
				GCC_OPTIMIZATION_LEVEL = 0;
				GCC_PREPROCESSOR_DEFINITIONS = (
					"DEBUG=1",
					"$(inherited)",
				);
				GCC_WARN_64_TO_32_BIT_CONVERSION = YES;
				GCC_WARN_ABOUT_RETURN_TYPE = YES_ERROR;
				GCC_WARN_UNDECLARED_SELECTOR = YES;
				GCC_WARN_UNINITIALIZED_AUTOS = YES_AGGRESSIVE;
				GCC_WARN_UNUSED_FUNCTION = YES;
				GCC_WARN_UNUSED_VARIABLE = YES;
				IPHONEOS_DEPLOYMENT_TARGET = 10.2;
				MTL_ENABLE_DEBUG_INFO = YES;
				ONLY_ACTIVE_ARCH = YES;
				SDKROOT = iphoneos;
			};
			name = Debug;
		};
		938D03621E9B2A1F00A1E0AF /* Release */ = {
			isa = XCBuildConfiguration;
			buildSettings = {
				ALWAYS_SEARCH_USER_PATHS = NO;
				CLANG_ANALYZER_NONNULL = YES;
				CLANG_CXX_LANGUAGE_STANDARD = "gnu++0x";
				CLANG_CXX_LIBRARY = "libc++";
				CLANG_ENABLE_MODULES = YES;
				CLANG_ENABLE_OBJC_ARC = YES;
				CLANG_WARN_BOOL_CONVERSION = YES;
				CLANG_WARN_CONSTANT_CONVERSION = YES;
				CLANG_WARN_DIRECT_OBJC_ISA_USAGE = YES_ERROR;
				CLANG_WARN_DOCUMENTATION_COMMENTS = YES;
				CLANG_WARN_EMPTY_BODY = YES;
				CLANG_WARN_ENUM_CONVERSION = YES;
				CLANG_WARN_INFINITE_RECURSION = YES;
				CLANG_WARN_INT_CONVERSION = YES;
				CLANG_WARN_OBJC_ROOT_CLASS = YES_ERROR;
				CLANG_WARN_SUSPICIOUS_MOVE = YES;
				CLANG_WARN_UNREACHABLE_CODE = YES;
				CLANG_WARN__DUPLICATE_METHOD_MATCH = YES;
				"CODE_SIGN_IDENTITY[sdk=iphoneos*]" = "iPhone Developer";
				COPY_PHASE_STRIP = NO;
				DEBUG_INFORMATION_FORMAT = "dwarf-with-dsym";
				ENABLE_NS_ASSERTIONS = NO;
				ENABLE_STRICT_OBJC_MSGSEND = NO;
				GCC_C_LANGUAGE_STANDARD = gnu99;
				GCC_NO_COMMON_BLOCKS = YES;
				GCC_WARN_64_TO_32_BIT_CONVERSION = YES;
				GCC_WARN_ABOUT_RETURN_TYPE = YES_ERROR;
				GCC_WARN_UNDECLARED_SELECTOR = YES;
				GCC_WARN_UNINITIALIZED_AUTOS = YES_AGGRESSIVE;
				GCC_WARN_UNUSED_FUNCTION = YES;
				GCC_WARN_UNUSED_VARIABLE = YES;
				IPHONEOS_DEPLOYMENT_TARGET = 10.2;
				MTL_ENABLE_DEBUG_INFO = NO;
				SDKROOT = iphoneos;
				VALIDATE_PRODUCT = YES;
			};
			name = Release;
		};
		938D03641E9B2A1F00A1E0AF /* Debug */ = {
			isa = XCBuildConfiguration;
			buildSettings = {
				ASSETCATALOG_COMPILER_APPICON_NAME = AppIcon;
				DEVELOPMENT_TEAM = CVQ4KC2R64;
				GCC_PREFIX_HEADER = CrashDemo/PrefixHeader.pch;
				INFOPLIST_FILE = CrashDemo/Info.plist;
				IPHONEOS_DEPLOYMENT_TARGET = 8.0;
				LD_RUNPATH_SEARCH_PATHS = "$(inherited) @executable_path/Frameworks";
				PRODUCT_BUNDLE_IDENTIFIER = com.xietao3.CrashDemo;
				PRODUCT_NAME = "$(TARGET_NAME)";
			};
			name = Debug;
		};
		938D03651E9B2A1F00A1E0AF /* Release */ = {
			isa = XCBuildConfiguration;
			buildSettings = {
				ASSETCATALOG_COMPILER_APPICON_NAME = AppIcon;
				DEVELOPMENT_TEAM = CVQ4KC2R64;
				GCC_PREFIX_HEADER = CrashDemo/PrefixHeader.pch;
				INFOPLIST_FILE = CrashDemo/Info.plist;
				IPHONEOS_DEPLOYMENT_TARGET = 8.0;
				LD_RUNPATH_SEARCH_PATHS = "$(inherited) @executable_path/Frameworks";
				PRODUCT_BUNDLE_IDENTIFIER = com.xietao3.CrashDemo;
				PRODUCT_NAME = "$(TARGET_NAME)";
			};
			name = Release;
		};
		938D03671E9B2A1F00A1E0AF /* Debug */ = {
			isa = XCBuildConfiguration;
			buildSettings = {
				BUNDLE_LOADER = "$(TEST_HOST)";
				INFOPLIST_FILE = CrashDemoTests/Info.plist;
				LD_RUNPATH_SEARCH_PATHS = "$(inherited) @executable_path/Frameworks @loader_path/Frameworks";
				PRODUCT_BUNDLE_IDENTIFIER = com.xietao3.CrashDemoTests;
				PRODUCT_NAME = "$(TARGET_NAME)";
				TEST_HOST = "$(BUILT_PRODUCTS_DIR)/CrashDemo.app/CrashDemo";
			};
			name = Debug;
		};
		938D03681E9B2A1F00A1E0AF /* Release */ = {
			isa = XCBuildConfiguration;
			buildSettings = {
				BUNDLE_LOADER = "$(TEST_HOST)";
				INFOPLIST_FILE = CrashDemoTests/Info.plist;
				LD_RUNPATH_SEARCH_PATHS = "$(inherited) @executable_path/Frameworks @loader_path/Frameworks";
				PRODUCT_BUNDLE_IDENTIFIER = com.xietao3.CrashDemoTests;
				PRODUCT_NAME = "$(TARGET_NAME)";
				TEST_HOST = "$(BUILT_PRODUCTS_DIR)/CrashDemo.app/CrashDemo";
			};
			name = Release;
		};
		938D036A1E9B2A1F00A1E0AF /* Debug */ = {
			isa = XCBuildConfiguration;
			buildSettings = {
				INFOPLIST_FILE = CrashDemoUITests/Info.plist;
				LD_RUNPATH_SEARCH_PATHS = "$(inherited) @executable_path/Frameworks @loader_path/Frameworks";
				PRODUCT_BUNDLE_IDENTIFIER = com.xietao3.CrashDemoUITests;
				PRODUCT_NAME = "$(TARGET_NAME)";
				TEST_TARGET_NAME = CrashDemo;
			};
			name = Debug;
		};
		938D036B1E9B2A1F00A1E0AF /* Release */ = {
			isa = XCBuildConfiguration;
			buildSettings = {
				INFOPLIST_FILE = CrashDemoUITests/Info.plist;
				LD_RUNPATH_SEARCH_PATHS = "$(inherited) @executable_path/Frameworks @loader_path/Frameworks";
				PRODUCT_BUNDLE_IDENTIFIER = com.xietao3.CrashDemoUITests;
				PRODUCT_NAME = "$(TARGET_NAME)";
				TEST_TARGET_NAME = CrashDemo;
			};
			name = Release;
		};
/* End XCBuildConfiguration section */

/* Begin XCConfigurationList section */
		938D03311E9B2A1F00A1E0AF /* Build configuration list for PBXProject "CrashDemo" */ = {
			isa = XCConfigurationList;
			buildConfigurations = (
				938D03611E9B2A1F00A1E0AF /* Debug */,
				938D03621E9B2A1F00A1E0AF /* Release */,
			);
			defaultConfigurationIsVisible = 0;
			defaultConfigurationName = Release;
		};
		938D03631E9B2A1F00A1E0AF /* Build configuration list for PBXNativeTarget "CrashDemo" */ = {
			isa = XCConfigurationList;
			buildConfigurations = (
				938D03641E9B2A1F00A1E0AF /* Debug */,
				938D03651E9B2A1F00A1E0AF /* Release */,
			);
			defaultConfigurationIsVisible = 0;
			defaultConfigurationName = Release;
		};
		938D03661E9B2A1F00A1E0AF /* Build configuration list for PBXNativeTarget "CrashDemoTests" */ = {
			isa = XCConfigurationList;
			buildConfigurations = (
				938D03671E9B2A1F00A1E0AF /* Debug */,
				938D03681E9B2A1F00A1E0AF /* Release */,
			);
			defaultConfigurationIsVisible = 0;
			defaultConfigurationName = Release;
		};
		938D03691E9B2A1F00A1E0AF /* Build configuration list for PBXNativeTarget "CrashDemoUITests" */ = {
			isa = XCConfigurationList;
			buildConfigurations = (
				938D036A1E9B2A1F00A1E0AF /* Debug */,
				938D036B1E9B2A1F00A1E0AF /* Release */,
			);
			defaultConfigurationIsVisible = 0;
			defaultConfigurationName = Release;
		};
/* End XCConfigurationList section */
	};
	rootObject = 938D032E1E9B2A1F00A1E0AF /* Project object */;
}
